<?xml version="1.0" encoding="utf-8"?>
<Project ToolsVersion="4.0" xmlns="http://schemas.microsoft.com/developer/msbuild/2003">
  <ItemGroup>
    <Filter Include="Archivos de origen">
      <UniqueIdentifier>{4FC737F1-C7A5-4376-A066-2A32D752A2FF}</UniqueIdentifier>
      <Extensions>cpp;c;cc;cxx;def;odl;idl;hpj;bat;asm;asmx</Extensions>
    </Filter>
    <Filter Include="Archivos de encabezado">
      <UniqueIdentifier>{93995380-89BD-4b04-88EB-625FBE52EBFB}</UniqueIdentifier>
      <Extensions>h;hh;hpp;hxx;hm;inl;inc;ipp;xsd</Extensions>
    </Filter>
    <Filter Include="Archivos de recursos">
      <UniqueIdentifier>{67DA6AB6-F800-4c08-8B7A-83BB121AAD01}</UniqueIdentifier>
      <Extensions>rc;ico;cur;bmp;dlg;rc2;rct;bin;rgs;gif;jpg;jpeg;jpe;resx;tiff;tif;png;wav;mfcribbon-ms</Extensions>
    </Filter>
  </ItemGroup>
  <ItemGroup>
    <ClCompile Include="Sources\CTRPluginFramework\Graphics\Color.cpp">
      <Filter>Archivos de origen</Filter>
    </ClCompile>
    <ClCompile Include="Sources\CTRPluginFramework\Graphics\CustomIcon.cpp">
      <Filter>Archivos de origen</Filter>
    </ClCompile>
    <ClCompile Include="Sources\CTRPluginFramework\Graphics\OSD.cpp">
      <Filter>Archivos de origen</Filter>
    </ClCompile>
    <ClCompile Include="Sources\CTRPluginFramework\Menu\Keyboard.cpp">
      <Filter>Archivos de origen</Filter>
    </ClCompile>
    <ClCompile Include="Sources\CTRPluginFramework\Menu\MenuEntry.cpp">
      <Filter>Archivos de origen</Filter>
    </ClCompile>
    <ClCompile Include="Sources\CTRPluginFramework\Menu\MenuEntryHotkeys.cpp">
      <Filter>Archivos de origen</Filter>
    </ClCompile>
    <ClCompile Include="Sources\CTRPluginFramework\Menu\MenuFolder.cpp">
      <Filter>Archivos de origen</Filter>
    </ClCompile>
    <ClCompile Include="Sources\CTRPluginFramework\Menu\MessageBox.cpp">
      <Filter>Archivos de origen</Filter>
    </ClCompile>
    <ClCompile Include="Sources\CTRPluginFramework\Menu\PluginMenu.cpp">
      <Filter>Archivos de origen</Filter>
    </ClCompile>
    <ClCompile Include="Sources\CTRPluginFramework\System\Clock.cpp">
      <Filter>Archivos de origen</Filter>
    </ClCompile>
    <ClCompile Include="Sources\CTRPluginFramework\System\Controller.cpp">
      <Filter>Archivos de origen</Filter>
    </ClCompile>
    <ClCompile Include="Sources\CTRPluginFramework\System\Directory.cpp">
      <Filter>Archivos de origen</Filter>
    </ClCompile>
    <ClCompile Include="Sources\CTRPluginFramework\System\File.cpp">
      <Filter>Archivos de origen</Filter>
    </ClCompile>
    <ClCompile Include="Sources\CTRPluginFramework\System\FwkSettings.cpp">
      <Filter>Archivos de origen</Filter>
    </ClCompile>
    <ClCompile Include="Sources\CTRPluginFramework\System\Hook.cpp">
      <Filter>Archivos de origen</Filter>
    </ClCompile>
    <ClCompile Include="Sources\CTRPluginFramework\System\Lock.cpp">
      <Filter>Archivos de origen</Filter>
    </ClCompile>
    <ClCompile Include="Sources\CTRPluginFramework\System\Mutex.cpp">
      <Filter>Archivos de origen</Filter>
    </ClCompile>
    <ClCompile Include="Sources\CTRPluginFramework\System\Process.cpp">
      <Filter>Archivos de origen</Filter>
    </ClCompile>
    <ClCompile Include="Sources\CTRPluginFramework\System\Sleep.cpp">
      <Filter>Archivos de origen</Filter>
    </ClCompile>
    <ClCompile Include="Sources\CTRPluginFramework\System\System.cpp">
      <Filter>Archivos de origen</Filter>
    </ClCompile>
    <ClCompile Include="Sources\CTRPluginFramework\System\Task.cpp">
      <Filter>Archivos de origen</Filter>
    </ClCompile>
    <ClCompile Include="Sources\CTRPluginFramework\System\ThreadEx.cpp">
      <Filter>Archivos de origen</Filter>
    </ClCompile>
    <ClCompile Include="Sources\CTRPluginFramework\System\Time.cpp">
      <Filter>Archivos de origen</Filter>
    </ClCompile>
    <ClCompile Include="Sources\CTRPluginFramework\System\Touch.cpp">
      <Filter>Archivos de origen</Filter>
    </ClCompile>
    <ClCompile Include="Sources\CTRPluginFramework\Utils\LineReader.cpp">
      <Filter>Archivos de origen</Filter>
    </ClCompile>
    <ClCompile Include="Sources\CTRPluginFramework\Utils\LineWriter.cpp">
      <Filter>Archivos de origen</Filter>
    </ClCompile>
    <ClCompile Include="Sources\CTRPluginFramework\Utils\StringExtensions.cpp">
      <Filter>Archivos de origen</Filter>
    </ClCompile>
    <ClCompile Include="Sources\CTRPluginFramework\Utils\Utils.cpp">
      <Filter>Archivos de origen</Filter>
    </ClCompile>
    <ClCompile Include="Sources\CTRPluginFrameworkImpl\ActionReplay\ARCode.cpp">
      <Filter>Archivos de origen</Filter>
    </ClCompile>
    <ClCompile Include="Sources\CTRPluginFrameworkImpl\ActionReplay\ARCodeEditor.cpp">
      <Filter>Archivos de origen</Filter>
    </ClCompile>
    <ClCompile Include="Sources\CTRPluginFrameworkImpl\ActionReplay\ARCodeLoader.cpp">
      <Filter>Archivos de origen</Filter>
    </ClCompile>
    <ClCompile Include="Sources\CTRPluginFrameworkImpl\ActionReplay\ARCodeWrite.cpp">
      <Filter>Archivos de origen</Filter>
    </ClCompile>
    <ClCompile Include="Sources\CTRPluginFrameworkImpl\ActionReplay\ARHandler.cpp">
      <Filter>Archivos de origen</Filter>
    </ClCompile>
    <ClCompile Include="Sources\CTRPluginFrameworkImpl\ActionReplay\MenuEntryActionReplay.cpp">
      <Filter>Archivos de origen</Filter>
    </ClCompile>
    <ClCompile Include="Sources\CTRPluginFrameworkImpl\Disassembler\arm_disasm.cpp">
      <Filter>Archivos de origen</Filter>
    </ClCompile>
    <ClCompile Include="Sources\CTRPluginFrameworkImpl\Graphics\BMPImage.cpp">
      <Filter>Archivos de origen</Filter>
    </ClCompile>
    <ClCompile Include="Sources\CTRPluginFrameworkImpl\Graphics\Button.cpp">
      <Filter>Archivos de origen</Filter>
    </ClCompile>
    <ClCompile Include="Sources\CTRPluginFrameworkImpl\Graphics\ComboBox.cpp">
      <Filter>Archivos de origen</Filter>
    </ClCompile>
    <ClCompile Include="Sources\CTRPluginFrameworkImpl\Graphics\FloatinButton.cpp">
      <Filter>Archivos de origen</Filter>
    </ClCompile>
    <ClCompile Include="Sources\CTRPluginFrameworkImpl\Graphics\FontImpl.cpp">
      <Filter>Archivos de origen</Filter>
    </ClCompile>
    <ClCompile Include="Sources\CTRPluginFrameworkImpl\Graphics\Icons\About15.c">
      <Filter>Archivos de origen</Filter>
    </ClCompile>
    <ClCompile Include="Sources\CTRPluginFrameworkImpl\Graphics\Icons\AddFavorite25.c">
      <Filter>Archivos de origen</Filter>
    </ClCompile>
    <ClCompile Include="Sources\CTRPluginFrameworkImpl\Graphics\Icons\AddFavoriteFilled25.c">
      <Filter>Archivos de origen</Filter>
    </ClCompile>
    <ClCompile Include="Sources\CTRPluginFrameworkImpl\Graphics\Icons\CapsLockOn15.c">
      <Filter>Archivos de origen</Filter>
    </ClCompile>
    <ClCompile Include="Sources\CTRPluginFrameworkImpl\Graphics\Icons\CapsLockOnFilled15.c">
      <Filter>Archivos de origen</Filter>
    </ClCompile>
    <ClCompile Include="Sources\CTRPluginFrameworkImpl\Graphics\Icons\CentreofGravity15.c">
      <Filter>Archivos de origen</Filter>
    </ClCompile>
    <ClCompile Include="Sources\CTRPluginFrameworkImpl\Graphics\Icons\CheckedCheckbox.c">
      <Filter>Archivos de origen</Filter>
    </ClCompile>
    <ClCompile Include="Sources\CTRPluginFrameworkImpl\Graphics\Icons\ClearSymbol15.c">
      <Filter>Archivos de origen</Filter>
    </ClCompile>
    <ClCompile Include="Sources\CTRPluginFrameworkImpl\Graphics\Icons\ClearSymbolFilled15.c">
      <Filter>Archivos de origen</Filter>
    </ClCompile>
    <ClCompile Include="Sources\CTRPluginFrameworkImpl\Graphics\Icons\Clipboard25.c">
      <Filter>Archivos de origen</Filter>
    </ClCompile>
    <ClCompile Include="Sources\CTRPluginFrameworkImpl\Graphics\Icons\ClipboardFilled25.c">
      <Filter>Archivos de origen</Filter>
    </ClCompile>
    <ClCompile Include="Sources\CTRPluginFrameworkImpl\Graphics\Icons\CloseWindow20.c">
      <Filter>Archivos de origen</Filter>
    </ClCompile>
    <ClCompile Include="Sources\CTRPluginFrameworkImpl\Graphics\Icons\CloseWindowFilled20.c">
      <Filter>Archivos de origen</Filter>
    </ClCompile>
    <ClCompile Include="Sources\CTRPluginFrameworkImpl\Graphics\Icons\Controller15.c">
      <Filter>Archivos de origen</Filter>
    </ClCompile>
    <ClCompile Include="Sources\CTRPluginFrameworkImpl\Graphics\Icons\Cut25.c">
      <Filter>Archivos de origen</Filter>
    </ClCompile>
    <ClCompile Include="Sources\CTRPluginFrameworkImpl\Graphics\Icons\CutFilled25.c">
      <Filter>Archivos de origen</Filter>
    </ClCompile>
    <ClCompile Include="Sources\CTRPluginFrameworkImpl\Graphics\Icons\DefaultKeyboardCustomIcon.c">
      <Filter>Archivos de origen</Filter>
    </ClCompile>
    <ClCompile Include="Sources\CTRPluginFrameworkImpl\Graphics\Icons\Duplicate25.c">
      <Filter>Archivos de origen</Filter>
    </ClCompile>
    <ClCompile Include="Sources\CTRPluginFrameworkImpl\Graphics\Icons\DuplicateFilled25.c">
      <Filter>Archivos de origen</Filter>
    </ClCompile>
    <ClCompile Include="Sources\CTRPluginFrameworkImpl\Graphics\Icons\Edit25.c">
      <Filter>Archivos de origen</Filter>
    </ClCompile>
    <ClCompile Include="Sources\CTRPluginFrameworkImpl\Graphics\Icons\EditFilled25.c">
      <Filter>Archivos de origen</Filter>
    </ClCompile>
    <ClCompile Include="Sources\CTRPluginFrameworkImpl\Graphics\Icons\EnterKey15.c">
      <Filter>Archivos de origen</Filter>
    </ClCompile>
    <ClCompile Include="Sources\CTRPluginFrameworkImpl\Graphics\Icons\EnterKeyFilled15.c">
      <Filter>Archivos de origen</Filter>
    </ClCompile>
    <ClCompile Include="Sources\CTRPluginFrameworkImpl\Graphics\Icons\File15.c">
      <Filter>Archivos de origen</Filter>
    </ClCompile>
    <ClCompile Include="Sources\CTRPluginFrameworkImpl\Graphics\Icons\FolderFilled.c">
      <Filter>Archivos de origen</Filter>
    </ClCompile>
    <ClCompile Include="Sources\CTRPluginFrameworkImpl\Graphics\Icons\GameController15.c">
      <Filter>Archivos de origen</Filter>
    </ClCompile>
    <ClCompile Include="Sources\CTRPluginFrameworkImpl\Graphics\Icons\GameController25.c">
      <Filter>Archivos de origen</Filter>
    </ClCompile>
    <ClCompile Include="Sources\CTRPluginFrameworkImpl\Graphics\Icons\GameControllerFilled25.c">
      <Filter>Archivos de origen</Filter>
    </ClCompile>
    <ClCompile Include="Sources\CTRPluginFrameworkImpl\Graphics\Icons\Grid15.c">
      <Filter>Archivos de origen</Filter>
    </ClCompile>
    <ClCompile Include="Sources\CTRPluginFrameworkImpl\Graphics\Icons\HandCursor15.c">
      <Filter>Archivos de origen</Filter>
    </ClCompile>
    <ClCompile Include="Sources\CTRPluginFrameworkImpl\Graphics\Icons\Happy15.c">
      <Filter>Archivos de origen</Filter>
    </ClCompile>
    <ClCompile Include="Sources\CTRPluginFrameworkImpl\Graphics\Icons\HappyFilled15.c">
      <Filter>Archivos de origen</Filter>
    </ClCompile>
    <ClCompile Include="Sources\CTRPluginFrameworkImpl\Graphics\Icons\Icon.cpp">
      <Filter>Archivos de origen</Filter>
    </ClCompile>
    <ClCompile Include="Sources\CTRPluginFrameworkImpl\Graphics\Icons\Info25.c">
      <Filter>Archivos de origen</Filter>
    </ClCompile>
    <ClCompile Include="Sources\CTRPluginFrameworkImpl\Graphics\Icons\InfoFilled25.c">
      <Filter>Archivos de origen</Filter>
    </ClCompile>
    <ClCompile Include="Sources\CTRPluginFrameworkImpl\Graphics\Icons\Keyboard25.c">
      <Filter>Archivos de origen</Filter>
    </ClCompile>
    <ClCompile Include="Sources\CTRPluginFrameworkImpl\Graphics\Icons\KeyboardFilled25.c">
      <Filter>Archivos de origen</Filter>
    </ClCompile>
    <ClCompile Include="Sources\CTRPluginFrameworkImpl\Graphics\Icons\Maintenance15.c">
      <Filter>Archivos de origen</Filter>
    </ClCompile>
    <ClCompile Include="Sources\CTRPluginFrameworkImpl\Graphics\Icons\More15.c">
      <Filter>Archivos de origen</Filter>
    </ClCompile>
    <ClCompile Include="Sources\CTRPluginFrameworkImpl\Graphics\Icons\Plus25.c">
      <Filter>Archivos de origen</Filter>
    </ClCompile>
    <ClCompile Include="Sources\CTRPluginFrameworkImpl\Graphics\Icons\PlusFilled25.c">
      <Filter>Archivos de origen</Filter>
    </ClCompile>
    <ClCompile Include="Sources\CTRPluginFrameworkImpl\Graphics\Icons\RAM15.c">
      <Filter>Archivos de origen</Filter>
    </ClCompile>
    <ClCompile Include="Sources\CTRPluginFrameworkImpl\Graphics\Icons\Restart15.c">
      <Filter>Archivos de origen</Filter>
    </ClCompile>
    <ClCompile Include="Sources\CTRPluginFrameworkImpl\Graphics\Icons\Rocket40.c">
      <Filter>Archivos de origen</Filter>
    </ClCompile>
    <ClCompile Include="Sources\CTRPluginFrameworkImpl\Graphics\Icons\Save25.c">
      <Filter>Archivos de origen</Filter>
    </ClCompile>
    <ClCompile Include="Sources\CTRPluginFrameworkImpl\Graphics\Icons\Search15.c">
      <Filter>Archivos de origen</Filter>
    </ClCompile>
    <ClCompile Include="Sources\CTRPluginFrameworkImpl\Graphics\Icons\Settings15.c">
      <Filter>Archivos de origen</Filter>
    </ClCompile>
    <ClCompile Include="Sources\CTRPluginFrameworkImpl\Graphics\Icons\Shutdown15.c">
      <Filter>Archivos de origen</Filter>
    </ClCompile>
    <ClCompile Include="Sources\CTRPluginFrameworkImpl\Graphics\Icons\Star15.c">
      <Filter>Archivos de origen</Filter>
    </ClCompile>
    <ClCompile Include="Sources\CTRPluginFrameworkImpl\Graphics\Icons\Trash25.c">
      <Filter>Archivos de origen</Filter>
    </ClCompile>
    <ClCompile Include="Sources\CTRPluginFrameworkImpl\Graphics\Icons\TrashFilled25.c">
      <Filter>Archivos de origen</Filter>
    </ClCompile>
    <ClCompile Include="Sources\CTRPluginFrameworkImpl\Graphics\Icons\UnCheckedCheckbox.c">
      <Filter>Archivos de origen</Filter>
    </ClCompile>
    <ClCompile Include="Sources\CTRPluginFrameworkImpl\Graphics\Icons\Unsplash15.c">
      <Filter>Archivos de origen</Filter>
    </ClCompile>
    <ClCompile Include="Sources\CTRPluginFrameworkImpl\Graphics\Icons\UserManualFilled15.c">
      <Filter>Archivos de origen</Filter>
    </ClCompile>
    <ClCompile Include="Sources\CTRPluginFrameworkImpl\Graphics\MessageBoxImpl.cpp">
      <Filter>Archivos de origen</Filter>
    </ClCompile>
    <ClCompile Include="Sources\CTRPluginFrameworkImpl\Graphics\NumericTextBox.cpp">
      <Filter>Archivos de origen</Filter>
    </ClCompile>
    <ClCompile Include="Sources\CTRPluginFrameworkImpl\Graphics\OSDImpl.cpp">
      <Filter>Archivos de origen</Filter>
    </ClCompile>
    <ClCompile Include="Sources\CTRPluginFrameworkImpl\Graphics\PrivColor.cpp">
      <Filter>Archivos de origen</Filter>
    </ClCompile>
    <ClCompile Include="Sources\CTRPluginFrameworkImpl\Graphics\Renderer.cpp">
      <Filter>Archivos de origen</Filter>
    </ClCompile>
    <ClCompile Include="Sources\CTRPluginFrameworkImpl\Graphics\Renderer_DrawForms.cpp">
      <Filter>Archivos de origen</Filter>
    </ClCompile>
    <ClCompile Include="Sources\CTRPluginFrameworkImpl\Graphics\Renderer_DrawPixel.cpp">
      <Filter>Archivos de origen</Filter>
    </ClCompile>
    <ClCompile Include="Sources\CTRPluginFrameworkImpl\Graphics\Renderer_DrawStrings.cpp">
      <Filter>Archivos de origen</Filter>
    </ClCompile>
    <ClCompile Include="Sources\CTRPluginFrameworkImpl\Graphics\Renderer_Sysfont.cpp">
      <Filter>Archivos de origen</Filter>
    </ClCompile>
    <ClCompile Include="Sources\CTRPluginFrameworkImpl\Graphics\TextBox.cpp">
      <Filter>Archivos de origen</Filter>
    </ClCompile>
    <ClCompile Include="Sources\CTRPluginFrameworkImpl\Graphics\TouchKey.cpp">
      <Filter>Archivos de origen</Filter>
    </ClCompile>
    <ClCompile Include="Sources\CTRPluginFrameworkImpl\Graphics\TouchKeyString.cpp">
      <Filter>Archivos de origen</Filter>
    </ClCompile>
    <ClCompile Include="Sources\CTRPluginFrameworkImpl\Graphics\UIContainer.cpp">
      <Filter>Archivos de origen</Filter>
    </ClCompile>
    <ClCompile Include="Sources\CTRPluginFrameworkImpl\Graphics\Window.cpp">
      <Filter>Archivos de origen</Filter>
    </ClCompile>
    <ClCompile Include="Sources\CTRPluginFrameworkImpl\Menu\Converter.cpp">
      <Filter>Archivos de origen</Filter>
    </ClCompile>
    <ClCompile Include="Sources\CTRPluginFrameworkImpl\Menu\GatewayRAMDumper.cpp">
      <Filter>Archivos de origen</Filter>
    </ClCompile>
    <ClCompile Include="Sources\CTRPluginFrameworkImpl\Menu\GuideReader.cpp">
      <Filter>Archivos de origen</Filter>
    </ClCompile>
    <ClCompile Include="Sources\CTRPluginFrameworkImpl\Menu\HexEditor.cpp">
      <Filter>Archivos de origen</Filter>
    </ClCompile>
    <ClCompile Include="Sources\CTRPluginFrameworkImpl\Menu\HotkeysModifier.cpp">
      <Filter>Archivos de origen</Filter>
    </ClCompile>
    <ClCompile Include="Sources\CTRPluginFrameworkImpl\Menu\KeyboardImpl.cpp">
      <Filter>Archivos de origen</Filter>
    </ClCompile>
    <ClCompile Include="Sources\CTRPluginFrameworkImpl\Menu\Menu.cpp">
      <Filter>Archivos de origen</Filter>
    </ClCompile>
    <ClCompile Include="Sources\CTRPluginFrameworkImpl\Menu\MenuEntryFreeCheat.cpp">
      <Filter>Archivos de origen</Filter>
    </ClCompile>
    <ClCompile Include="Sources\CTRPluginFrameworkImpl\Menu\MenuEntryImpl.cpp">
      <Filter>Archivos de origen</Filter>
    </ClCompile>
    <ClCompile Include="Sources\CTRPluginFrameworkImpl\Menu\MenuEntryTools.cpp">
      <Filter>Archivos de origen</Filter>
    </ClCompile>
    <ClCompile Include="Sources\CTRPluginFrameworkImpl\Menu\MenuFolderImpl.cpp">
      <Filter>Archivos de origen</Filter>
    </ClCompile>
    <ClCompile Include="Sources\CTRPluginFrameworkImpl\Menu\MenuItem.cpp">
      <Filter>Archivos de origen</Filter>
    </ClCompile>
    <ClCompile Include="Sources\CTRPluginFrameworkImpl\Menu\PluginMenuActionReplay.cpp">
      <Filter>Archivos de origen</Filter>
    </ClCompile>
    <ClCompile Include="Sources\CTRPluginFrameworkImpl\Menu\PluginMenuExecuteLoop.cpp">
      <Filter>Archivos de origen</Filter>
    </ClCompile>
    <ClCompile Include="Sources\CTRPluginFrameworkImpl\Menu\PluginMenuFreeCheats.cpp">
      <Filter>Archivos de origen</Filter>
    </ClCompile>
    <ClCompile Include="Sources\CTRPluginFrameworkImpl\Menu\PluginMenuHome.cpp">
      <Filter>Archivos de origen</Filter>
    </ClCompile>
    <ClCompile Include="Sources\CTRPluginFrameworkImpl\Menu\PluginMenuImpl.cpp">
      <Filter>Archivos de origen</Filter>
    </ClCompile>
    <ClCompile Include="Sources\CTRPluginFrameworkImpl\Menu\PluginMenuSearch.cpp">
      <Filter>Archivos de origen</Filter>
    </ClCompile>
    <ClCompile Include="Sources\CTRPluginFrameworkImpl\Menu\PluginMenuTools.cpp">
      <Filter>Archivos de origen</Filter>
    </ClCompile>
    <ClCompile Include="Sources\CTRPluginFrameworkImpl\Menu\PluginMenu_SearchMenu.cpp">
      <Filter>Archivos de origen</Filter>
    </ClCompile>
    <ClCompile Include="Sources\CTRPluginFrameworkImpl\Menu\SubMenu.cpp">
      <Filter>Archivos de origen</Filter>
    </ClCompile>
    <ClCompile Include="Sources\CTRPluginFrameworkImpl\Menu\WatchPointManager.cpp">
      <Filter>Archivos de origen</Filter>
    </ClCompile>
    <ClCompile Include="Sources\CTRPluginFrameworkImpl\Preferences.cpp">
      <Filter>Archivos de origen</Filter>
    </ClCompile>
    <ClCompile Include="Sources\CTRPluginFrameworkImpl\Search\Search32.cpp">
      <Filter>Archivos de origen</Filter>
    </ClCompile>
    <ClCompile Include="Sources\CTRPluginFrameworkImpl\Search\Search32_FirstSearchSpecified.cpp">
      <Filter>Archivos de origen</Filter>
    </ClCompile>
    <ClCompile Include="Sources\CTRPluginFrameworkImpl\Search\Search32_SecondSearchSpecified.cpp">
      <Filter>Archivos de origen</Filter>
    </ClCompile>
    <ClCompile Include="Sources\CTRPluginFrameworkImpl\Search\Search32_SecondSearchUnknown.cpp">
      <Filter>Archivos de origen</Filter>
    </ClCompile>
    <ClCompile Include="Sources\CTRPluginFrameworkImpl\Search\Search32_SubsidiarySearchSpecified.cpp">
      <Filter>Archivos de origen</Filter>
    </ClCompile>
    <ClCompile Include="Sources\CTRPluginFrameworkImpl\Search\Search32_SubsidiarySearchUnknown.cpp">
      <Filter>Archivos de origen</Filter>
    </ClCompile>
    <ClCompile Include="Sources\CTRPluginFrameworkImpl\Search\SearchBase.cpp">
      <Filter>Archivos de origen</Filter>
    </ClCompile>
    <ClCompile Include="Sources\CTRPluginFrameworkImpl\System\EventManager.cpp">
      <Filter>Archivos de origen</Filter>
    </ClCompile>
    <ClCompile Include="Sources\CTRPluginFrameworkImpl\System\FSPath.cpp">
      <Filter>Archivos de origen</Filter>
    </ClCompile>
    <ClCompile Include="Sources\CTRPluginFrameworkImpl\System\Heap.cpp">
      <Filter>Archivos de origen</Filter>
    </ClCompile>
    <ClCompile Include="Sources\CTRPluginFrameworkImpl\System\HookManager.cpp">
      <Filter>Archivos de origen</Filter>
    </ClCompile>
    <ClCompile Include="Sources\CTRPluginFrameworkImpl\System\Kernel.cpp">
      <Filter>Archivos de origen</Filter>
    </ClCompile>
    <ClCompile Include="Sources\CTRPluginFrameworkImpl\System\MMU.cpp">
      <Filter>Archivos de origen</Filter>
    </ClCompile>
    <ClCompile Include="Sources\CTRPluginFrameworkImpl\System\ProcessImpl.cpp">
      <Filter>Archivos de origen</Filter>
    </ClCompile>
    <ClCompile Include="Sources\CTRPluginFrameworkImpl\System\Scheduler.cpp">
      <Filter>Archivos de origen</Filter>
    </ClCompile>
    <ClCompile Include="Sources\CTRPluginFrameworkImpl\System\Screen.cpp">
      <Filter>Archivos de origen</Filter>
    </ClCompile>
    <ClCompile Include="Sources\CTRPluginFrameworkImpl\System\Screenshot.cpp">
      <Filter>Archivos de origen</Filter>
    </ClCompile>
    <ClCompile Include="Sources\CTRPluginFrameworkImpl\System\SystemImpl.cpp">
      <Filter>Archivos de origen</Filter>
    </ClCompile>
    <ClCompile Include="Sources\ctrulibExtension\allocator\linear.cpp">
      <Filter>Archivos de origen</Filter>
    </ClCompile>
    <ClCompile Include="Sources\ctrulibExtension\allocator\mappable.cpp">
      <Filter>Archivos de origen</Filter>
    </ClCompile>
    <ClCompile Include="Sources\ctrulibExtension\allocator\mem_pool.cpp">
      <Filter>Archivos de origen</Filter>
    </ClCompile>
    <ClCompile Include="Sources\ctrulibExtension\allocator\newlibHeap.c">
      <Filter>Archivos de origen</Filter>
    </ClCompile>
    <ClCompile Include="Sources\ctrulibExtension\allocator\vram.cpp">
      <Filter>Archivos de origen</Filter>
    </ClCompile>
    <ClCompile Include="Sources\ctrulibExtension\aptExtension.c">
      <Filter>Archivos de origen</Filter>
    </ClCompile>
    <ClCompile Include="Sources\ctrulibExtension\fontExtension.c">
      <Filter>Archivos de origen</Filter>
    </ClCompile>
    <ClCompile Include="Sources\ctrulibExtension\system\allocateHeaps.cpp">
      <Filter>Archivos de origen</Filter>
    </ClCompile>
    <ClCompile Include="Sources\ctrulibExtension\system\appExit.c">
      <Filter>Archivos de origen</Filter>
    </ClCompile>
    <ClCompile Include="Sources\ctrulibExtension\system\ctru_exit.c">
      <Filter>Archivos de origen</Filter>
    </ClCompile>
    <ClCompile Include="Sources\ctrulibExtension\system\initSystem.c">
      <Filter>Archivos de origen</Filter>
    </ClCompile>
    <ClCompile Include="Sources\ctrulibExtension\system\syscalls.c">
      <Filter>Archivos de origen</Filter>
    </ClCompile>
    <ClCompile Include="Sources\ctrulibExtension\thread.c">
      <Filter>Archivos de origen</Filter>
    </ClCompile>
    <ClCompile Include="Sources\Excluded\cheats.cpp">
      <Filter>Archivos de origen</Filter>
    </ClCompile>
    <ClCompile Include="Sources\Excluded\OSDManager.cpp">
      <Filter>Archivos de origen</Filter>
    </ClCompile>
    <ClCompile Include="Sources\Excluded\OSDMenu.cpp">
      <Filter>Archivos de origen</Filter>
    </ClCompile>
    <ClCompile Include="Sources\Excluded\PointerSearcher.cpp">
      <Filter>Archivos de origen</Filter>
    </ClCompile>
    <ClCompile Include="Sources\Excluded\PointerTesting.cpp">
      <Filter>Archivos de origen</Filter>
    </ClCompile>
    <ClCompile Include="Sources\Excluded\Speedometer.cpp">
      <Filter>Archivos de origen</Filter>
    </ClCompile>
    <ClCompile Include="Sources\main.cpp">
      <Filter>Archivos de origen</Filter>
    </ClCompile>
    <ClCompile Include="Sources\plgldr.c">
      <Filter>Archivos de origen</Filter>
    </ClCompile>
    <ClCompile Include="Sources\pluginInit.cpp">
      <Filter>Archivos de origen</Filter>
    </ClCompile>
  </ItemGroup>
  <ItemGroup>
    <ClInclude Include="Sources\ctrulibExtension\allocator\addrmap.h">
      <Filter>Archivos de origen</Filter>
    </ClInclude>
    <ClInclude Include="Sources\ctrulibExtension\allocator\mem_pool.h">
      <Filter>Archivos de origen</Filter>
    </ClInclude>
    <ClInclude Include="Sources\Excluded\cheats.hpp">
      <Filter>Archivos de origen</Filter>
    </ClInclude>
    <ClInclude Include="Sources\Excluded\OSDManager.hpp">
      <Filter>Archivos de origen</Filter>
    </ClInclude>
    <ClInclude Include="Sources\Excluded\OSDMenu.hpp">
      <Filter>Archivos de origen</Filter>
    </ClInclude>
    <ClInclude Include="Sources\Excluded\PointerSearcher.hpp">
      <Filter>Archivos de origen</Filter>
    </ClInclude>
    <ClInclude Include="Sources\Excluded\Speedometer.hpp">
      <Filter>Archivos de origen</Filter>
    </ClInclude>
    <ClInclude Include="Includes\csvc.h">
      <Filter>Archivos de encabezado</Filter>
    </ClInclude>
    <ClInclude Include="Includes\CTRPluginFramework\Graphics\Color.hpp">
      <Filter>Archivos de encabezado</Filter>
    </ClInclude>
    <ClInclude Include="Includes\CTRPluginFramework\Graphics\CustomIcon.hpp">
      <Filter>Archivos de encabezado</Filter>
    </ClInclude>
    <ClInclude Include="Includes\CTRPluginFramework\Graphics\OSD.hpp">
      <Filter>Archivos de encabezado</Filter>
    </ClInclude>
    <ClInclude Include="Includes\CTRPluginFramework\Graphics.hpp">
      <Filter>Archivos de encabezado</Filter>
    </ClInclude>
    <ClInclude Include="Includes\CTRPluginFramework\Menu\Keyboard.hpp">
      <Filter>Archivos de encabezado</Filter>
    </ClInclude>
    <ClInclude Include="Includes\CTRPluginFramework\Menu\MenuEntry.hpp">
      <Filter>Archivos de encabezado</Filter>
    </ClInclude>
    <ClInclude Include="Includes\CTRPluginFramework\Menu\MenuEntryHotkeys.hpp">
      <Filter>Archivos de encabezado</Filter>
    </ClInclude>
    <ClInclude Include="Includes\CTRPluginFramework\Menu\MenuFolder.hpp">
      <Filter>Archivos de encabezado</Filter>
    </ClInclude>
    <ClInclude Include="Includes\CTRPluginFramework\Menu\MessageBox.hpp">
      <Filter>Archivos de encabezado</Filter>
    </ClInclude>
    <ClInclude Include="Includes\CTRPluginFramework\Menu\PluginMenu.hpp">
      <Filter>Archivos de encabezado</Filter>
    </ClInclude>
    <ClInclude Include="Includes\CTRPluginFramework\Menu.hpp">
      <Filter>Archivos de encabezado</Filter>
    </ClInclude>
    <ClInclude Include="Includes\CTRPluginFramework\System\Clock.hpp">
      <Filter>Archivos de encabezado</Filter>
    </ClInclude>
    <ClInclude Include="Includes\CTRPluginFramework\System\Controller.hpp">
      <Filter>Archivos de encabezado</Filter>
    </ClInclude>
    <ClInclude Include="Includes\CTRPluginFramework\System\Directory.hpp">
      <Filter>Archivos de encabezado</Filter>
    </ClInclude>
    <ClInclude Include="Includes\CTRPluginFramework\System\File.hpp">
      <Filter>Archivos de encabezado</Filter>
    </ClInclude>
    <ClInclude Include="Includes\CTRPluginFramework\System\FwkSettings.hpp">
      <Filter>Archivos de encabezado</Filter>
    </ClInclude>
    <ClInclude Include="Includes\CTRPluginFramework\System\Hook.hpp">
      <Filter>Archivos de encabezado</Filter>
    </ClInclude>
    <ClInclude Include="Includes\CTRPluginFramework\System\Lock.hpp">
      <Filter>Archivos de encabezado</Filter>
    </ClInclude>
    <ClInclude Include="Includes\CTRPluginFramework\System\Mutex.hpp">
      <Filter>Archivos de encabezado</Filter>
    </ClInclude>
    <ClInclude Include="Includes\CTRPluginFramework\System\Process.hpp">
      <Filter>Archivos de encabezado</Filter>
    </ClInclude>
    <ClInclude Include="Includes\CTRPluginFramework\System\Rect.hpp">
      <Filter>Archivos de encabezado</Filter>
    </ClInclude>
    <ClInclude Include="Includes\CTRPluginFramework\System\Sleep.hpp">
      <Filter>Archivos de encabezado</Filter>
    </ClInclude>
    <ClInclude Include="Includes\CTRPluginFramework\System\System.hpp">
      <Filter>Archivos de encabezado</Filter>
    </ClInclude>
    <ClInclude Include="Includes\CTRPluginFramework\System\Task.hpp">
      <Filter>Archivos de encabezado</Filter>
    </ClInclude>
    <ClInclude Include="Includes\CTRPluginFramework\System\Thread.hpp">
      <Filter>Archivos de encabezado</Filter>
    </ClInclude>
    <ClInclude Include="Includes\CTRPluginFramework\System\Time.hpp">
      <Filter>Archivos de encabezado</Filter>
    </ClInclude>
    <ClInclude Include="Includes\CTRPluginFramework\System\Touch.hpp">
      <Filter>Archivos de encabezado</Filter>
    </ClInclude>
    <ClInclude Include="Includes\CTRPluginFramework\System\Vector.hpp">
      <Filter>Archivos de encabezado</Filter>
    </ClInclude>
    <ClInclude Include="Includes\CTRPluginFramework\System.hpp">
      <Filter>Archivos de encabezado</Filter>
    </ClInclude>
    <ClInclude Include="Includes\CTRPluginFramework\Utils\LineReader.hpp">
      <Filter>Archivos de encabezado</Filter>
    </ClInclude>
    <ClInclude Include="Includes\CTRPluginFramework\Utils\LineWriter.hpp">
      <Filter>Archivos de encabezado</Filter>
    </ClInclude>
    <ClInclude Include="Includes\CTRPluginFramework\Utils\StringExtensions.hpp">
      <Filter>Archivos de encabezado</Filter>
    </ClInclude>
    <ClInclude Include="Includes\CTRPluginFramework\Utils\Utils.hpp">
      <Filter>Archivos de encabezado</Filter>
    </ClInclude>
    <ClInclude Include="Includes\CTRPluginFramework\Utils.hpp">
      <Filter>Archivos de encabezado</Filter>
    </ClInclude>
    <ClInclude Include="Includes\CTRPluginFramework.hpp">
      <Filter>Archivos de encabezado</Filter>
    </ClInclude>
    <ClInclude Include="Includes\CTRPluginFrameworkImpl\ActionReplay\ARCode.hpp">
      <Filter>Archivos de encabezado</Filter>
    </ClInclude>
    <ClInclude Include="Includes\CTRPluginFrameworkImpl\ActionReplay\ARCodeEditor.hpp">
      <Filter>Archivos de encabezado</Filter>
    </ClInclude>
    <ClInclude Include="Includes\CTRPluginFrameworkImpl\ActionReplay\ARHandler.hpp">
      <Filter>Archivos de encabezado</Filter>
    </ClInclude>
    <ClInclude Include="Includes\CTRPluginFrameworkImpl\ActionReplay\MenuEntryActionReplay.hpp">
      <Filter>Archivos de encabezado</Filter>
    </ClInclude>
    <ClInclude Include="Includes\CTRPluginFrameworkImpl\Disassembler\arm_disasm.h">
      <Filter>Archivos de encabezado</Filter>
    </ClInclude>
    <ClInclude Include="Includes\CTRPluginFrameworkImpl\Graphics\BMPImage.hpp">
      <Filter>Archivos de encabezado</Filter>
    </ClInclude>
    <ClInclude Include="Includes\CTRPluginFrameworkImpl\Graphics\Button.hpp">
      <Filter>Archivos de encabezado</Filter>
    </ClInclude>
    <ClInclude Include="Includes\CTRPluginFrameworkImpl\Graphics\ComboBox.hpp">
      <Filter>Archivos de encabezado</Filter>
    </ClInclude>
    <ClInclude Include="Includes\CTRPluginFrameworkImpl\Graphics\Drawable.hpp">
      <Filter>Archivos de encabezado</Filter>
    </ClInclude>
    <ClInclude Include="Includes\CTRPluginFrameworkImpl\Graphics\FloatingButton.hpp">
      <Filter>Archivos de encabezado</Filter>
    </ClInclude>
    <ClInclude Include="Includes\CTRPluginFrameworkImpl\Graphics\Font.hpp">
      <Filter>Archivos de encabezado</Filter>
    </ClInclude>
    <ClInclude Include="Includes\CTRPluginFrameworkImpl\Graphics\Icon.hpp">
      <Filter>Archivos de encabezado</Filter>
    </ClInclude>
    <ClInclude Include="Includes\CTRPluginFrameworkImpl\Graphics\Line.hpp">
      <Filter>Archivos de encabezado</Filter>
    </ClInclude>
    <ClInclude Include="Includes\CTRPluginFrameworkImpl\Graphics\MessageBoxImpl.hpp">
      <Filter>Archivos de encabezado</Filter>
    </ClInclude>
    <ClInclude Include="Includes\CTRPluginFrameworkImpl\Graphics\NumericTextBox.hpp">
      <Filter>Archivos de encabezado</Filter>
    </ClInclude>
    <ClInclude Include="Includes\CTRPluginFrameworkImpl\Graphics\OSDImpl.hpp">
      <Filter>Archivos de encabezado</Filter>
    </ClInclude>
    <ClInclude Include="Includes\CTRPluginFrameworkImpl\Graphics\PrivColor.hpp">
      <Filter>Archivos de encabezado</Filter>
    </ClInclude>
    <ClInclude Include="Includes\CTRPluginFrameworkImpl\Graphics\Renderer.hpp">
      <Filter>Archivos de encabezado</Filter>
    </ClInclude>
    <ClInclude Include="Includes\CTRPluginFrameworkImpl\Graphics\TextBox.hpp">
      <Filter>Archivos de encabezado</Filter>
    </ClInclude>
    <ClInclude Include="Includes\CTRPluginFrameworkImpl\Graphics\TouchKey.hpp">
      <Filter>Archivos de encabezado</Filter>
    </ClInclude>
    <ClInclude Include="Includes\CTRPluginFrameworkImpl\Graphics\TouchKeyString.hpp">
      <Filter>Archivos de encabezado</Filter>
    </ClInclude>
    <ClInclude Include="Includes\CTRPluginFrameworkImpl\Graphics\UIContainer.hpp">
      <Filter>Archivos de encabezado</Filter>
    </ClInclude>
    <ClInclude Include="Includes\CTRPluginFrameworkImpl\Graphics\Window.hpp">
      <Filter>Archivos de encabezado</Filter>
    </ClInclude>
    <ClInclude Include="Includes\CTRPluginFrameworkImpl\Graphics.hpp">
      <Filter>Archivos de encabezado</Filter>
    </ClInclude>
    <ClInclude Include="Includes\CTRPluginFrameworkImpl\main.hpp">
      <Filter>Archivos de encabezado</Filter>
    </ClInclude>
    <ClInclude Include="Includes\CTRPluginFrameworkImpl\Menu\Converter.hpp">
      <Filter>Archivos de encabezado</Filter>
    </ClInclude>
    <ClInclude Include="Includes\CTRPluginFrameworkImpl\Menu\GatewayRAMDumper.hpp">
      <Filter>Archivos de encabezado</Filter>
    </ClInclude>
    <ClInclude Include="Includes\CTRPluginFrameworkImpl\Menu\GuideReader.hpp">
      <Filter>Archivos de encabezado</Filter>
    </ClInclude>
    <ClInclude Include="Includes\CTRPluginFrameworkImpl\Menu\HexEditor.hpp">
      <Filter>Archivos de encabezado</Filter>
    </ClInclude>
    <ClInclude Include="Includes\CTRPluginFrameworkImpl\Menu\HotkeysModifier.hpp">
      <Filter>Archivos de encabezado</Filter>
    </ClInclude>
    <ClInclude Include="Includes\CTRPluginFrameworkImpl\Menu\KeyboardImpl.hpp">
      <Filter>Archivos de encabezado</Filter>
    </ClInclude>
    <ClInclude Include="Includes\CTRPluginFrameworkImpl\Menu\Menu.hpp">
      <Filter>Archivos de encabezado</Filter>
    </ClInclude>
    <ClInclude Include="Includes\CTRPluginFrameworkImpl\Menu\MenuEntryFreeCheat.hpp">
      <Filter>Archivos de encabezado</Filter>
    </ClInclude>
    <ClInclude Include="Includes\CTRPluginFrameworkImpl\Menu\MenuEntryImpl.hpp">
      <Filter>Archivos de encabezado</Filter>
    </ClInclude>
    <ClInclude Include="Includes\CTRPluginFrameworkImpl\Menu\MenuEntryTools.hpp">
      <Filter>Archivos de encabezado</Filter>
    </ClInclude>
    <ClInclude Include="Includes\CTRPluginFrameworkImpl\Menu\MenuFolderImpl.hpp">
      <Filter>Archivos de encabezado</Filter>
    </ClInclude>
    <ClInclude Include="Includes\CTRPluginFrameworkImpl\Menu\MenuItem.hpp">
      <Filter>Archivos de encabezado</Filter>
    </ClInclude>
    <ClInclude Include="Includes\CTRPluginFrameworkImpl\Menu\PluginMenuActionReplay.hpp">
      <Filter>Archivos de encabezado</Filter>
    </ClInclude>
    <ClInclude Include="Includes\CTRPluginFrameworkImpl\Menu\PluginMenuExecuteLoop.hpp">
      <Filter>Archivos de encabezado</Filter>
    </ClInclude>
    <ClInclude Include="Includes\CTRPluginFrameworkImpl\Menu\PluginMenuFreeCheats.hpp">
      <Filter>Archivos de encabezado</Filter>
    </ClInclude>
    <ClInclude Include="Includes\CTRPluginFrameworkImpl\Menu\PluginMenuHome.hpp">
      <Filter>Archivos de encabezado</Filter>
    </ClInclude>
    <ClInclude Include="Includes\CTRPluginFrameworkImpl\Menu\PluginMenuImpl.hpp">
      <Filter>Archivos de encabezado</Filter>
    </ClInclude>
    <ClInclude Include="Includes\CTRPluginFrameworkImpl\Menu\PluginMenuSearch.hpp">
      <Filter>Archivos de encabezado</Filter>
    </ClInclude>
    <ClInclude Include="Includes\CTRPluginFrameworkImpl\Menu\PluginMenuTools.hpp">
      <Filter>Archivos de encabezado</Filter>
    </ClInclude>
    <ClInclude Include="Includes\CTRPluginFrameworkImpl\Menu\PluginMenu_SearchMenu.hpp">
      <Filter>Archivos de encabezado</Filter>
    </ClInclude>
    <ClInclude Include="Includes\CTRPluginFrameworkImpl\Menu\SubMenu.hpp">
      <Filter>Archivos de encabezado</Filter>
    </ClInclude>
    <ClInclude Include="Includes\CTRPluginFrameworkImpl\Menu\WatchPointManager.hpp">
      <Filter>Archivos de encabezado</Filter>
    </ClInclude>
    <ClInclude Include="Includes\CTRPluginFrameworkImpl\Menu.hpp">
      <Filter>Archivos de encabezado</Filter>
    </ClInclude>
    <ClInclude Include="Includes\CTRPluginFrameworkImpl\Preferences.hpp">
      <Filter>Archivos de encabezado</Filter>
    </ClInclude>
    <ClInclude Include="Includes\CTRPluginFrameworkImpl\Search\Search.hpp">
      <Filter>Archivos de encabezado</Filter>
    </ClInclude>
    <ClInclude Include="Includes\CTRPluginFrameworkImpl\Search\Search32.hpp">
      <Filter>Archivos de encabezado</Filter>
    </ClInclude>
    <ClInclude Include="Includes\CTRPluginFrameworkImpl\Search\SearchBase.hpp">
      <Filter>Archivos de encabezado</Filter>
    </ClInclude>
    <ClInclude Include="Includes\CTRPluginFrameworkImpl\System\EventManager.hpp">
      <Filter>Archivos de encabezado</Filter>
    </ClInclude>
    <ClInclude Include="Includes\CTRPluginFrameworkImpl\System\Events.hpp">
      <Filter>Archivos de encabezado</Filter>
    </ClInclude>
    <ClInclude Include="Includes\CTRPluginFrameworkImpl\System\FSPath.hpp">
      <Filter>Archivos de encabezado</Filter>
    </ClInclude>
    <ClInclude Include="Includes\CTRPluginFrameworkImpl\System\Heap.hpp">
      <Filter>Archivos de encabezado</Filter>
    </ClInclude>
    <ClInclude Include="Includes\CTRPluginFrameworkImpl\System\HookManager.hpp">
      <Filter>Archivos de encabezado</Filter>
    </ClInclude>
    <ClInclude Include="Includes\CTRPluginFrameworkImpl\System\IAllocator.hpp">
      <Filter>Archivos de encabezado</Filter>
    </ClInclude>
    <ClInclude Include="Includes\CTRPluginFrameworkImpl\System\Kernel.hpp">
      <Filter>Archivos de encabezado</Filter>
    </ClInclude>
    <ClInclude Include="Includes\CTRPluginFrameworkImpl\System\MMU.hpp">
      <Filter>Archivos de encabezado</Filter>
    </ClInclude>
    <ClInclude Include="Includes\CTRPluginFrameworkImpl\System\ProcessImpl.hpp">
      <Filter>Archivos de encabezado</Filter>
    </ClInclude>
    <ClInclude Include="Includes\CTRPluginFrameworkImpl\System\Scheduler.hpp">
      <Filter>Archivos de encabezado</Filter>
    </ClInclude>
    <ClInclude Include="Includes\CTRPluginFrameworkImpl\System\Screen.hpp">
      <Filter>Archivos de encabezado</Filter>
    </ClInclude>
    <ClInclude Include="Includes\CTRPluginFrameworkImpl\System\Screenshot.hpp">
      <Filter>Archivos de encabezado</Filter>
    </ClInclude>
    <ClInclude Include="Includes\CTRPluginFrameworkImpl\System\Storage.hpp">
      <Filter>Archivos de encabezado</Filter>
    </ClInclude>
    <ClInclude Include="Includes\CTRPluginFrameworkImpl\System\SystemImpl.hpp">
      <Filter>Archivos de encabezado</Filter>
    </ClInclude>
    <ClInclude Include="Includes\CTRPluginFrameworkImpl\System.hpp">
      <Filter>Archivos de encabezado</Filter>
    </ClInclude>
    <ClInclude Include="Includes\CTRPluginFrameworkImpl.hpp">
      <Filter>Archivos de encabezado</Filter>
    </ClInclude>
    <ClInclude Include="Includes\ctrulibExtension.h">
      <Filter>Archivos de encabezado</Filter>
    </ClInclude>
    <ClInclude Include="Includes\font6x10Linux.h">
      <Filter>Archivos de encabezado</Filter>
    </ClInclude>
    <ClInclude Include="Includes\plgldr.h">
      <Filter>Archivos de encabezado</Filter>
    </ClInclude>
    <ClInclude Include="Includes\types.h">
      <Filter>Archivos de encabezado</Filter>
    </ClInclude>
    <ClInclude Include="Includes\Unicode.h">
      <Filter>Archivos de encabezado</Filter>
    </ClInclude>
  </ItemGroup>
</Project>